
Microsoft Visual Studio Solution File, Format Version 12.00
# Visual Studio Version 16
VisualStudioVersion = 16.0.31112.23
MinimumVisualStudioVersion = 10.0.40219.1
Project("{8BC9CEB8-8B4A-11D0-8D11-00A0C91BC942}") = "DirectX_SceneScape", "DirectX_SceneScape.vcxproj", "{958F1286-60AD-47E1-8A0C-385C8D75BC2A}"
EndProject
Global
	GlobalSection(SolutionConfigurationPlatforms) = preSolution
		Debug|x64 = Debug|x64
		Debug|x86 = Debug|x86
		Release|x64 = Release|x64
		Release|x86 = Release|x86
	EndGlobalSection
	GlobalSection(ProjectConfigurationPlatforms) = postSolution
		{958F1286-60AD-47E1-8A0C-385C8D75BC2A}.Debug|x64.ActiveCfg = Debug|x64
		{958F1286-60AD-47E1-8A0C-385C8D75BC2A}.Debug|x64.Build.0 = Debug|x64
		{958F1286-60AD-47E1-8A0C-385C8D75BC2A}.Debug|x86.ActiveCfg = Debug|Win32
		{958F1286-60AD-47E1-8A0C-385C8D75BC2A}.Debug|x86.Build.0 = Debug|Win32
		{958F1286-60AD-47E1-8A0C-385C8D75BC2A}.Release|x64.ActiveCfg = Release|x64
		{958F1286-60AD-47E1-8A0C-385C8D75BC2A}.Release|x64.Build.0 = Release|x64
		{958F1286-60AD-47E1-8A0C-385C8D75BC2A}.Release|x86.ActiveCfg = Release|Win32
		{958F1286-60AD-47E1-8A0C-385C8D75BC2A}.Release|x86.Build.0 = Release|Win32
	EndGlobalSection
	GlobalSection(SolutionProperties) = preSolution
		HideSolutionNode = FALSE
	EndGlobalSection
	GlobalSection(ExtensibilityGlobals) = postSolution
		SolutionGuid = {037E0CB7-D38F-45E8-86B6-DEE6365DEC92}
	EndGlobalSection
EndGlobal
